<?xml version="1.0" encoding="utf-8"?>
<Project ToolsVersion="4.0" xmlns="http://schemas.microsoft.com/developer/msbuild/2003">
  <ItemGroup>
    <Filter Include="source">
      <UniqueIdentifier>{4FC737F1-C7A5-4376-A066-2A32D752A2FF}</UniqueIdentifier>
      <Extensions>cpp;c;cc;cxx;c++;cppm;ixx;def;odl;idl;hpj;bat;asm;asmx</Extensions>
    </Filter>
    <Filter Include="source\동적 계획법">
      <UniqueIdentifier>{b1a3ad6f-4a76-4cc9-ab70-f66c6f2c786c}</UniqueIdentifier>
    </Filter>
    <Filter Include="source\이진 탐색">
      <UniqueIdentifier>{30d8663e-1191-4ba3-ac25-a47f8b46cd8b}</UniqueIdentifier>
    </Filter>
    <Filter Include="template">
      <UniqueIdentifier>{583a591d-ee69-45dc-b04f-8fe92450f7ae}</UniqueIdentifier>
    </Filter>
    <Filter Include="source\미분류">
      <UniqueIdentifier>{a62da67e-9970-4b78-bccd-b68fe2bcfb36}</UniqueIdentifier>
    </Filter>
    <Filter Include="source\미해결">
      <UniqueIdentifier>{64fa3661-2abf-4a8d-9d61-75de1f17424e}</UniqueIdentifier>
    </Filter>
    <Filter Include="source\DFS">
      <UniqueIdentifier>{c2e3a974-66cd-4a24-9bc4-17a2250597fd}</UniqueIdentifier>
    </Filter>
    <Filter Include="source\BFS">
      <UniqueIdentifier>{a3f9cab7-042d-4838-b7b6-0589c82a3fad}</UniqueIdentifier>
    </Filter>
    <Filter Include="source\세그멘트 트리">
      <UniqueIdentifier>{99901fef-587f-4d63-b71d-ccc254632114}</UniqueIdentifier>
    </Filter>
    <Filter Include="source\구현">
      <UniqueIdentifier>{7c4b34ab-5b8c-45c8-9ba3-86cc3fa3e606}</UniqueIdentifier>
    </Filter>
    <Filter Include="source\MST">
      <UniqueIdentifier>{7f839f49-15a1-4ed1-8261-2d70e7bd6d66}</UniqueIdentifier>
    </Filter>
  </ItemGroup>
  <ItemGroup>
    <ClCompile Include="9184.cpp">
      <Filter>source\동적 계획법</Filter>
    </ClCompile>
    <ClCompile Include="24416.cpp">
      <Filter>source\동적 계획법</Filter>
    </ClCompile>
    <ClCompile Include="11561.cpp">
      <Filter>source\이진 탐색</Filter>
    </ClCompile>
    <ClCompile Include="2467.cpp">
      <Filter>source\이진 탐색</Filter>
    </ClCompile>
    <ClCompile Include="1003.cpp">
      <Filter>source\동적 계획법</Filter>
    </ClCompile>
    <ClCompile Include="13706.cpp">
      <Filter>source\이진 탐색</Filter>
    </ClCompile>
    <ClCompile Include="temp.cpp">
      <Filter>template</Filter>
    </ClCompile>
    <ClCompile Include="9184_2.cpp">
      <Filter>source\동적 계획법</Filter>
    </ClCompile>
    <ClCompile Include="14627.cpp">
      <Filter>source\이진 탐색</Filter>
    </ClCompile>
    <ClCompile Include="14607.cpp">
      <Filter>source\동적 계획법</Filter>
    </ClCompile>
    <ClCompile Include="8394.cpp">
      <Filter>source\동적 계획법</Filter>
    </ClCompile>
    <ClCompile Include="1076.cpp">
      <Filter>source\미분류</Filter>
    </ClCompile>
    <ClCompile Include="9196.cpp">
      <Filter>source\미분류</Filter>
    </ClCompile>
    <ClCompile Include="20920.cpp">
      <Filter>source</Filter>
    </ClCompile>
    <ClCompile Include="1845.cpp">
      <Filter>source\이진 탐색</Filter>
    </ClCompile>
    <ClCompile Include="11687.cpp">
      <Filter>source\이진 탐색</Filter>
    </ClCompile>
    <ClCompile Include="4097.cpp">
      <Filter>source\동적 계획법</Filter>
    </ClCompile>
    <ClCompile Include="14916.cpp">
      <Filter>source\미분류</Filter>
    </ClCompile>
    <ClCompile Include="17179.cpp">
      <Filter>source\미해결</Filter>
    </ClCompile>
    <ClCompile Include="9372.cpp">
      <Filter>source\DFS</Filter>
    </ClCompile>
    <ClCompile Include="16564.cpp">
      <Filter>source\미해결</Filter>
    </ClCompile>
    <ClCompile Include="22871.cpp">
      <Filter>source\미해결</Filter>
    </ClCompile>
    <ClCompile Include="1012.cpp">
      <Filter>source\DFS</Filter>
    </ClCompile>
    <ClCompile Include="4485.cpp">
      <Filter>source\BFS</Filter>
    </ClCompile>
    <ClCompile Include="7569.cpp">
      <Filter>source\BFS</Filter>
    </ClCompile>
    <ClCompile Include="test.cpp">
      <Filter>template</Filter>
    </ClCompile>
    <ClCompile Include="test1.cpp">
      <Filter>template</Filter>
    </ClCompile>
    <ClCompile Include="Test01.cpp">
      <Filter>template</Filter>
    </ClCompile>
    <ClCompile Include="1245.cpp">
      <Filter>source\BFS</Filter>
    </ClCompile>
    <ClCompile Include="10868.cpp">
      <Filter>source\미해결</Filter>
    </ClCompile>
    <ClCompile Include="1926.cpp">
      <Filter>source\BFS</Filter>
    </ClCompile>
    <ClCompile Include="16954.cpp">
      <Filter>source\BFS</Filter>
    </ClCompile>
    <ClCompile Include="4577.cpp">
      <Filter>source\구현</Filter>
    </ClCompile>
    <ClCompile Include="31670.cpp">
      <Filter>source\미해결</Filter>
    </ClCompile>
    <ClCompile Include="28422.cpp">
      <Filter>source\동적 계획법</Filter>
    </ClCompile>
    <ClCompile Include="2665.cpp">
      <Filter>source\BFS</Filter>
    </ClCompile>
    <ClCompile Include="12442.cpp">
      <Filter>source\미해결</Filter>
    </ClCompile>
    <ClCompile Include="28449.cpp">
      <Filter>source\미해결</Filter>
    </ClCompile>
    <ClCompile Include="27932.cpp">
      <Filter>source\미해결</Filter>
    </ClCompile>
    <ClCompile Include="28069.cpp">
      <Filter>source\동적 계획법</Filter>
    </ClCompile>
    <ClCompile Include="1756.cpp">
      <Filter>source\이진 탐색</Filter>
    </ClCompile>
    <ClCompile Include="1394.cpp">
      <Filter>source\구현</Filter>
    </ClCompile>
    <ClCompile Include="main.cpp">
      <Filter>template</Filter>
    </ClCompile>
    <ClCompile Include="2174.cpp">
      <Filter>source\구현</Filter>
    </ClCompile>
    <ClCompile Include="1646_2.cpp">
      <Filter>source\MST</Filter>
    </ClCompile>
    <ClCompile Include="1647.cpp">
      <Filter>source\MST</Filter>
    </ClCompile>
    <ClCompile Include="1451.cpp">
      <Filter>source\미해결</Filter>
    </ClCompile>
    <ClCompile Include="1365_2.cpp">
      <Filter>source\BFS</Filter>
    </ClCompile>
    <ClCompile Include="1365.cpp">
      <Filter>source\BFS</Filter>
    </ClCompile>
    <ClCompile Include="1313.cpp">
      <Filter>source\미해결</Filter>
    </ClCompile>
    <ClCompile Include="소스.cpp">
      <Filter>template</Filter>
    </ClCompile>
    <ClCompile Include="1153.cpp">
      <Filter>source\구현</Filter>
    </ClCompile>
    <ClCompile Include="2239.cpp">
      <Filter>source\DFS</Filter>
    </ClCompile>
    <ClCompile Include="2805.cpp">
      <Filter>source\이진 탐색</Filter>
    </ClCompile>
    <ClCompile Include="2513.cpp">
      <Filter>template</Filter>
    </ClCompile>
  </ItemGroup>
</Project>